
Microsoft Visual Studio Solution File, Format Version 12.00
# Visual Studio Version 16
VisualStudioVersion = 16.0.30011.22
MinimumVisualStudioVersion = 10.0.40219.1
Project("{9A19103F-16F7-4668-BE54-9A1E7A4F7556}") = "NewHealthFormApplication", "NewHealthFormApplication\NewHealthFormApplication.csproj", "{D1950BAD-223D-4799-AEFC-F7228598A786}"
EndProject
Project("{FAE04EC0-301F-11D3-BF4B-00C04F79EFBC}") = "NewHealthFormApplicationTests", "NewHealthFormApplicationTests\NewHealthFormApplicationTests.csproj", "{8153E0D0-9CFB-4FE3-807B-BCCDAF344034}"
EndProject
Global
	GlobalSection(SolutionConfigurationPlatforms) = preSolution
		Debug|Any CPU = Debug|Any CPU
		Release|Any CPU = Release|Any CPU
	EndGlobalSection
	GlobalSection(ProjectConfigurationPlatforms) = postSolution
		{D1950BAD-223D-4799-AEFC-F7228598A786}.Debug|Any CPU.ActiveCfg = Debug|Any CPU
		{D1950BAD-223D-4799-AEFC-F7228598A786}.Debug|Any CPU.Build.0 = Debug|Any CPU
		{D1950BAD-223D-4799-AEFC-F7228598A786}.Release|Any CPU.ActiveCfg = Release|Any CPU
		{D1950BAD-223D-4799-AEFC-F7228598A786}.Release|Any CPU.Build.0 = Release|Any CPU
		{8153E0D0-9CFB-4FE3-807B-BCCDAF344034}.Debug|Any CPU.ActiveCfg = Debug|Any CPU
		{8153E0D0-9CFB-4FE3-807B-BCCDAF344034}.Debug|Any CPU.Build.0 = Debug|Any CPU
		{8153E0D0-9CFB-4FE3-807B-BCCDAF344034}.Release|Any CPU.ActiveCfg = Release|Any CPU
		{8153E0D0-9CFB-4FE3-807B-BCCDAF344034}.Release|Any CPU.Build.0 = Release|Any CPU
	EndGlobalSection
	GlobalSection(SolutionProperties) = preSolution
		HideSolutionNode = FALSE
	EndGlobalSection
	GlobalSection(ExtensibilityGlobals) = postSolution
		SolutionGuid = {3F955D0E-BC22-42F1-89CA-02C750AB0990}
	EndGlobalSection
EndGlobal
